
Microsoft Visual Studio Solution File, Format Version 12.00
# Visual Studio Version 17
VisualStudioVersion = 17.5.33530.505
MinimumVisualStudioVersion = 10.0.40219.1
Project("{9A19103F-16F7-4668-BE54-9A1E7A4F7556}") = "NetService", "NetService.csproj", "{4C93DA9C-7D37-44C8-8962-C4421AE7928C}"
EndProject
Project("{2150E333-8FDC-42A3-9474-1A3956D46DE8}") = "Solution Items", "Solution Items", "{EA448F36-DC8A-40D5-8C84-851D4A528057}"
	ProjectSection(SolutionItems) = preProject
		.editorconfig = .editorconfig
	EndProjectSection
EndProject
Global
	GlobalSection(SolutionConfigurationPlatforms) = preSolution
		Debug|Any CPU = Debug|Any CPU
		Debug|x64 = Debug|x64
		erft|Any CPU = erft|Any CPU
		erft|x64 = erft|x64
		Release|Any CPU = Release|Any CPU
		Release|x64 = Release|x64
	EndGlobalSection
	GlobalSection(ProjectConfigurationPlatforms) = postSolution
		{4C93DA9C-7D37-44C8-8962-C4421AE7928C}.Debug|Any CPU.ActiveCfg = Debug|Any CPU
		{4C93DA9C-7D37-44C8-8962-C4421AE7928C}.Debug|Any CPU.Build.0 = Debug|Any CPU
		{4C93DA9C-7D37-44C8-8962-C4421AE7928C}.Debug|x64.ActiveCfg = Debug|x64
		{4C93DA9C-7D37-44C8-8962-C4421AE7928C}.Debug|x64.Build.0 = Debug|x64
		{4C93DA9C-7D37-44C8-8962-C4421AE7928C}.erft|Any CPU.ActiveCfg = erft|Any CPU
		{4C93DA9C-7D37-44C8-8962-C4421AE7928C}.erft|Any CPU.Build.0 = erft|Any CPU
		{4C93DA9C-7D37-44C8-8962-C4421AE7928C}.erft|x64.ActiveCfg = Debug|x64
		{4C93DA9C-7D37-44C8-8962-C4421AE7928C}.erft|x64.Build.0 = Debug|x64
		{4C93DA9C-7D37-44C8-8962-C4421AE7928C}.Release|Any CPU.ActiveCfg = Release|Any CPU
		{4C93DA9C-7D37-44C8-8962-C4421AE7928C}.Release|Any CPU.Build.0 = Release|Any CPU
		{4C93DA9C-7D37-44C8-8962-C4421AE7928C}.Release|x64.ActiveCfg = Release|x64
		{4C93DA9C-7D37-44C8-8962-C4421AE7928C}.Release|x64.Build.0 = Release|x64
	EndGlobalSection
	GlobalSection(SolutionProperties) = preSolution
		HideSolutionNode = FALSE
	EndGlobalSection
	GlobalSection(ExtensibilityGlobals) = postSolution
		SolutionGuid = {3C039AA7-D2C6-499C-9714-369D7ACBF56D}
	EndGlobalSection
EndGlobal
